{
  "version": 4,
  "terraform_version": "1.10.5",
  "serial": 20,
  "lineage": "08a7b29a-bf26-00b6-441a-97c9d09e709f",
  "outputs": {},
  "resources": [
    {
      "mode": "managed",
      "type": "zenml_stack",
      "name": "local",
      "provider": "provider[\"registry.terraform.io/zenml-io/zenml\"]",
      "instances": [
        {
          "schema_version": 0,
          "attributes": {
            "components": {
              "artifact_store": "dc053444-54bf-4b8f-8645-30244aa27b94",
              "orchestrator": "236caf04-855b-406e-bc2a-f98e6c92530f"
            },
            "id": "254acf01-6554-495e-b9d8-0a2cc77d8967",
            "labels": {
              "environment": "local"
            },
            "name": "local-stack"
          },
          "sensitive_attributes": [],
          "private": "bnVsbA==",
          "dependencies": [
            "zenml_stack_component.artifact_store_local",
            "zenml_stack_component.orchestrator_local"
          ]
        }
      ]
    },
    {
      "mode": "managed",
      "type": "zenml_stack_component",
      "name": "artifact_store_local",
      "provider": "provider[\"registry.terraform.io/zenml-io/zenml\"]",
      "instances": [
        {
          "schema_version": 0,
          "attributes": {
            "configuration": {
              "path": "/home/beege/projects/LLM-Engineers-Handbook/artifacts"
            },
            "connector_id": null,
            "connector_resource_id": null,
            "flavor": "local",
            "id": "dc053444-54bf-4b8f-8645-30244aa27b94",
            "labels": null,
            "name": "artifacts_dir",
            "type": "artifact_store"
          },
          "sensitive_attributes": [
            [
              {
                "type": "get_attr",
                "value": "configuration"
              }
            ]
          ],
          "private": "bnVsbA=="
        }
      ]
    },
    {
      "mode": "managed",
      "type": "zenml_stack_component",
      "name": "orchestrator_local",
      "provider": "provider[\"registry.terraform.io/zenml-io/zenml\"]",
      "instances": [
        {
          "schema_version": 0,
          "attributes": {
            "configuration": null,
            "connector_id": null,
            "connector_resource_id": null,
            "flavor": "local_docker",
            "id": "236caf04-855b-406e-bc2a-f98e6c92530f",
            "labels": null,
            "name": "local_docker",
            "type": "orchestrator"
          },
          "sensitive_attributes": [
            [
              {
                "type": "get_attr",
                "value": "configuration"
              }
            ]
          ],
          "private": "bnVsbA=="
        }
      ]
    }
  ],
  "check_results": null
}
